
Microsoft Visual Studio Solution File, Format Version 12.00
# Visual Studio 15
VisualStudioVersion = 15.0.26124.0
MinimumVisualStudioVersion = 15.0.26124.0
Project("{FAE04EC0-301F-11D3-BF4B-00C04F79EFBC}") = "Day1", "Day1\Day1.csproj", "{F21106D8-9F69-4AAD-AF4C-0D8490CEEA90}"
EndProject
Project("{FAE04EC0-301F-11D3-BF4B-00C04F79EFBC}") = "Day10", "Day10\Day10.csproj", "{846D03EE-D1B5-41AE-9719-6FC77C3CFA16}"
EndProject
Project("{FAE04EC0-301F-11D3-BF4B-00C04F79EFBC}") = "Day11", "Day11\Day11.csproj", "{F77679ED-1C99-47C1-AB1A-75A77DA6820D}"
EndProject
Project("{FAE04EC0-301F-11D3-BF4B-00C04F79EFBC}") = "Day12", "Day12\Day12.csproj", "{7750162F-39AB-410E-9279-2D9FE4083197}"
EndProject
Project("{FAE04EC0-301F-11D3-BF4B-00C04F79EFBC}") = "Day13", "Day13\Day13.csproj", "{8CFD554D-ED43-4D90-BA9C-675D3C80EB90}"
EndProject
Project("{FAE04EC0-301F-11D3-BF4B-00C04F79EFBC}") = "Day14", "Day14\Day14.csproj", "{33DC105D-76F0-4E3F-9B2B-DE8F5B6F1C1C}"
EndProject
Project("{FAE04EC0-301F-11D3-BF4B-00C04F79EFBC}") = "Day15", "Day15\Day15.csproj", "{9965A6E6-ED73-4DAC-A94E-07A6B21DC417}"
EndProject
Project("{FAE04EC0-301F-11D3-BF4B-00C04F79EFBC}") = "Day16", "Day16\Day16.csproj", "{5B86D045-06B4-48AF-8283-567E98748654}"
EndProject
Project("{FAE04EC0-301F-11D3-BF4B-00C04F79EFBC}") = "Day17", "Day17\Day17.csproj", "{A7DE0B73-98B6-44D3-913D-501B133F0346}"
EndProject
Project("{FAE04EC0-301F-11D3-BF4B-00C04F79EFBC}") = "Day18", "Day18\Day18.csproj", "{4E94480D-1873-4F17-8A8B-7C7633E7CFB1}"
EndProject
Project("{FAE04EC0-301F-11D3-BF4B-00C04F79EFBC}") = "Day19", "Day19\Day19.csproj", "{A2813018-EE0A-4EAC-923E-15BCA40C7044}"
EndProject
Project("{FAE04EC0-301F-11D3-BF4B-00C04F79EFBC}") = "Day2", "Day2\Day2.csproj", "{9490837F-5081-42E9-BB31-C55F9F4BD1C6}"
EndProject
Project("{FAE04EC0-301F-11D3-BF4B-00C04F79EFBC}") = "Day20", "Day20\Day20.csproj", "{C05F2F68-EE50-4DCE-90A1-22F436D35BD3}"
EndProject
Project("{FAE04EC0-301F-11D3-BF4B-00C04F79EFBC}") = "Day21", "Day21\Day21.csproj", "{FA6A614E-3477-4E8E-B89F-653BEA450269}"
EndProject
Project("{FAE04EC0-301F-11D3-BF4B-00C04F79EFBC}") = "Day22", "Day22\Day22.csproj", "{74127841-59FC-4E99-835C-CE7D6B77FECC}"
EndProject
Project("{FAE04EC0-301F-11D3-BF4B-00C04F79EFBC}") = "Day23", "Day23\Day23.csproj", "{79E25244-3A7D-4FAA-9843-18D451EAD24D}"
EndProject
Project("{FAE04EC0-301F-11D3-BF4B-00C04F79EFBC}") = "Day24", "Day24\Day24.csproj", "{1DCB5CA3-D2AE-44C8-8075-88E9BB955781}"
EndProject
Project("{FAE04EC0-301F-11D3-BF4B-00C04F79EFBC}") = "Day25", "Day25\Day25.csproj", "{25C88CF6-432B-4C7D-8E8A-6C655691F4EF}"
EndProject
Project("{FAE04EC0-301F-11D3-BF4B-00C04F79EFBC}") = "Day3", "Day3\Day3.csproj", "{253C1C96-18CE-4483-A45B-AB3F8984C838}"
EndProject
Project("{FAE04EC0-301F-11D3-BF4B-00C04F79EFBC}") = "Day4", "Day4\Day4.csproj", "{4B69C08D-CC4C-4D8B-BBF4-7CCEA98FB350}"
EndProject
Project("{FAE04EC0-301F-11D3-BF4B-00C04F79EFBC}") = "Day5", "Day5\Day5.csproj", "{9D70439E-51D4-4C56-8D53-08303D65327B}"
EndProject
Project("{FAE04EC0-301F-11D3-BF4B-00C04F79EFBC}") = "Day6", "Day6\Day6.csproj", "{F336256B-3803-4BF0-A99F-695DD3409740}"
EndProject
Project("{FAE04EC0-301F-11D3-BF4B-00C04F79EFBC}") = "Day7", "Day7\Day7.csproj", "{6A7181B2-E2AF-453C-993E-BC29DC786C52}"
EndProject
Project("{FAE04EC0-301F-11D3-BF4B-00C04F79EFBC}") = "Day8", "Day8\Day8.csproj", "{C90126FD-D000-4BD3-BB2B-CE4957D698BF}"
EndProject
Project("{FAE04EC0-301F-11D3-BF4B-00C04F79EFBC}") = "Day9", "Day9\Day9.csproj", "{217294BC-BFED-4419-BC6C-82141EB0B2E2}"
EndProject
Global
	GlobalSection(SolutionProperties) = preSolution
		HideSolutionNode = FALSE
	EndGlobalSection
	GlobalSection(SolutionConfigurationPlatforms) = preSolution
		Debug|Any CPU = Debug|Any CPU
		Debug|x64 = Debug|x64
		Debug|x86 = Debug|x86
		Release|Any CPU = Release|Any CPU
		Release|x64 = Release|x64
		Release|x86 = Release|x86
	EndGlobalSection
	GlobalSection(ProjectConfigurationPlatforms) = postSolution
		{F21106D8-9F69-4AAD-AF4C-0D8490CEEA90}.Debug|Any CPU.ActiveCfg = Debug|Any CPU
		{F21106D8-9F69-4AAD-AF4C-0D8490CEEA90}.Debug|Any CPU.Build.0 = Debug|Any CPU
		{F21106D8-9F69-4AAD-AF4C-0D8490CEEA90}.Debug|x64.ActiveCfg = Debug|Any CPU
		{F21106D8-9F69-4AAD-AF4C-0D8490CEEA90}.Debug|x64.Build.0 = Debug|Any CPU
		{F21106D8-9F69-4AAD-AF4C-0D8490CEEA90}.Debug|x86.ActiveCfg = Debug|Any CPU
		{F21106D8-9F69-4AAD-AF4C-0D8490CEEA90}.Debug|x86.Build.0 = Debug|Any CPU
		{F21106D8-9F69-4AAD-AF4C-0D8490CEEA90}.Release|Any CPU.ActiveCfg = Release|Any CPU
		{F21106D8-9F69-4AAD-AF4C-0D8490CEEA90}.Release|Any CPU.Build.0 = Release|Any CPU
		{F21106D8-9F69-4AAD-AF4C-0D8490CEEA90}.Release|x64.ActiveCfg = Release|Any CPU
		{F21106D8-9F69-4AAD-AF4C-0D8490CEEA90}.Release|x64.Build.0 = Release|Any CPU
		{F21106D8-9F69-4AAD-AF4C-0D8490CEEA90}.Release|x86.ActiveCfg = Release|Any CPU
		{F21106D8-9F69-4AAD-AF4C-0D8490CEEA90}.Release|x86.Build.0 = Release|Any CPU
		{846D03EE-D1B5-41AE-9719-6FC77C3CFA16}.Debug|Any CPU.ActiveCfg = Debug|Any CPU
		{846D03EE-D1B5-41AE-9719-6FC77C3CFA16}.Debug|Any CPU.Build.0 = Debug|Any CPU
		{846D03EE-D1B5-41AE-9719-6FC77C3CFA16}.Debug|x64.ActiveCfg = Debug|Any CPU
		{846D03EE-D1B5-41AE-9719-6FC77C3CFA16}.Debug|x64.Build.0 = Debug|Any CPU
		{846D03EE-D1B5-41AE-9719-6FC77C3CFA16}.Debug|x86.ActiveCfg = Debug|Any CPU
		{846D03EE-D1B5-41AE-9719-6FC77C3CFA16}.Debug|x86.Build.0 = Debug|Any CPU
		{846D03EE-D1B5-41AE-9719-6FC77C3CFA16}.Release|Any CPU.ActiveCfg = Release|Any CPU
		{846D03EE-D1B5-41AE-9719-6FC77C3CFA16}.Release|Any CPU.Build.0 = Release|Any CPU
		{846D03EE-D1B5-41AE-9719-6FC77C3CFA16}.Release|x64.ActiveCfg = Release|Any CPU
		{846D03EE-D1B5-41AE-9719-6FC77C3CFA16}.Release|x64.Build.0 = Release|Any CPU
		{846D03EE-D1B5-41AE-9719-6FC77C3CFA16}.Release|x86.ActiveCfg = Release|Any CPU
		{846D03EE-D1B5-41AE-9719-6FC77C3CFA16}.Release|x86.Build.0 = Release|Any CPU
		{F77679ED-1C99-47C1-AB1A-75A77DA6820D}.Debug|Any CPU.ActiveCfg = Debug|Any CPU
		{F77679ED-1C99-47C1-AB1A-75A77DA6820D}.Debug|Any CPU.Build.0 = Debug|Any CPU
		{F77679ED-1C99-47C1-AB1A-75A77DA6820D}.Debug|x64.ActiveCfg = Debug|Any CPU
		{F77679ED-1C99-47C1-AB1A-75A77DA6820D}.Debug|x64.Build.0 = Debug|Any CPU
		{F77679ED-1C99-47C1-AB1A-75A77DA6820D}.Debug|x86.ActiveCfg = Debug|Any CPU
		{F77679ED-1C99-47C1-AB1A-75A77DA6820D}.Debug|x86.Build.0 = Debug|Any CPU
		{F77679ED-1C99-47C1-AB1A-75A77DA6820D}.Release|Any CPU.ActiveCfg = Release|Any CPU
		{F77679ED-1C99-47C1-AB1A-75A77DA6820D}.Release|Any CPU.Build.0 = Release|Any CPU
		{F77679ED-1C99-47C1-AB1A-75A77DA6820D}.Release|x64.ActiveCfg = Release|Any CPU
		{F77679ED-1C99-47C1-AB1A-75A77DA6820D}.Release|x64.Build.0 = Release|Any CPU
		{F77679ED-1C99-47C1-AB1A-75A77DA6820D}.Release|x86.ActiveCfg = Release|Any CPU
		{F77679ED-1C99-47C1-AB1A-75A77DA6820D}.Release|x86.Build.0 = Release|Any CPU
		{7750162F-39AB-410E-9279-2D9FE4083197}.Debug|Any CPU.ActiveCfg = Debug|Any CPU
		{7750162F-39AB-410E-9279-2D9FE4083197}.Debug|Any CPU.Build.0 = Debug|Any CPU
		{7750162F-39AB-410E-9279-2D9FE4083197}.Debug|x64.ActiveCfg = Debug|Any CPU
		{7750162F-39AB-410E-9279-2D9FE4083197}.Debug|x64.Build.0 = Debug|Any CPU
		{7750162F-39AB-410E-9279-2D9FE4083197}.Debug|x86.ActiveCfg = Debug|Any CPU
		{7750162F-39AB-410E-9279-2D9FE4083197}.Debug|x86.Build.0 = Debug|Any CPU
		{7750162F-39AB-410E-9279-2D9FE4083197}.Release|Any CPU.ActiveCfg = Release|Any CPU
		{7750162F-39AB-410E-9279-2D9FE4083197}.Release|Any CPU.Build.0 = Release|Any CPU
		{7750162F-39AB-410E-9279-2D9FE4083197}.Release|x64.ActiveCfg = Release|Any CPU
		{7750162F-39AB-410E-9279-2D9FE4083197}.Release|x64.Build.0 = Release|Any CPU
		{7750162F-39AB-410E-9279-2D9FE4083197}.Release|x86.ActiveCfg = Release|Any CPU
		{7750162F-39AB-410E-9279-2D9FE4083197}.Release|x86.Build.0 = Release|Any CPU
		{8CFD554D-ED43-4D90-BA9C-675D3C80EB90}.Debug|Any CPU.ActiveCfg = Debug|Any CPU
		{8CFD554D-ED43-4D90-BA9C-675D3C80EB90}.Debug|Any CPU.Build.0 = Debug|Any CPU
		{8CFD554D-ED43-4D90-BA9C-675D3C80EB90}.Debug|x64.ActiveCfg = Debug|Any CPU
		{8CFD554D-ED43-4D90-BA9C-675D3C80EB90}.Debug|x64.Build.0 = Debug|Any CPU
		{8CFD554D-ED43-4D90-BA9C-675D3C80EB90}.Debug|x86.ActiveCfg = Debug|Any CPU
		{8CFD554D-ED43-4D90-BA9C-675D3C80EB90}.Debug|x86.Build.0 = Debug|Any CPU
		{8CFD554D-ED43-4D90-BA9C-675D3C80EB90}.Release|Any CPU.ActiveCfg = Release|Any CPU
		{8CFD554D-ED43-4D90-BA9C-675D3C80EB90}.Release|Any CPU.Build.0 = Release|Any CPU
		{8CFD554D-ED43-4D90-BA9C-675D3C80EB90}.Release|x64.ActiveCfg = Release|Any CPU
		{8CFD554D-ED43-4D90-BA9C-675D3C80EB90}.Release|x64.Build.0 = Release|Any CPU
		{8CFD554D-ED43-4D90-BA9C-675D3C80EB90}.Release|x86.ActiveCfg = Release|Any CPU
		{8CFD554D-ED43-4D90-BA9C-675D3C80EB90}.Release|x86.Build.0 = Release|Any CPU
		{33DC105D-76F0-4E3F-9B2B-DE8F5B6F1C1C}.Debug|Any CPU.ActiveCfg = Debug|Any CPU
		{33DC105D-76F0-4E3F-9B2B-DE8F5B6F1C1C}.Debug|Any CPU.Build.0 = Debug|Any CPU
		{33DC105D-76F0-4E3F-9B2B-DE8F5B6F1C1C}.Debug|x64.ActiveCfg = Debug|Any CPU
		{33DC105D-76F0-4E3F-9B2B-DE8F5B6F1C1C}.Debug|x64.Build.0 = Debug|Any CPU
		{33DC105D-76F0-4E3F-9B2B-DE8F5B6F1C1C}.Debug|x86.ActiveCfg = Debug|Any CPU
		{33DC105D-76F0-4E3F-9B2B-DE8F5B6F1C1C}.Debug|x86.Build.0 = Debug|Any CPU
		{33DC105D-76F0-4E3F-9B2B-DE8F5B6F1C1C}.Release|Any CPU.ActiveCfg = Release|Any CPU
		{33DC105D-76F0-4E3F-9B2B-DE8F5B6F1C1C}.Release|Any CPU.Build.0 = Release|Any CPU
		{33DC105D-76F0-4E3F-9B2B-DE8F5B6F1C1C}.Release|x64.ActiveCfg = Release|Any CPU
		{33DC105D-76F0-4E3F-9B2B-DE8F5B6F1C1C}.Release|x64.Build.0 = Release|Any CPU
		{33DC105D-76F0-4E3F-9B2B-DE8F5B6F1C1C}.Release|x86.ActiveCfg = Release|Any CPU
		{33DC105D-76F0-4E3F-9B2B-DE8F5B6F1C1C}.Release|x86.Build.0 = Release|Any CPU
		{9965A6E6-ED73-4DAC-A94E-07A6B21DC417}.Debug|Any CPU.ActiveCfg = Debug|Any CPU
		{9965A6E6-ED73-4DAC-A94E-07A6B21DC417}.Debug|Any CPU.Build.0 = Debug|Any CPU
		{9965A6E6-ED73-4DAC-A94E-07A6B21DC417}.Debug|x64.ActiveCfg = Debug|Any CPU
		{9965A6E6-ED73-4DAC-A94E-07A6B21DC417}.Debug|x64.Build.0 = Debug|Any CPU
		{9965A6E6-ED73-4DAC-A94E-07A6B21DC417}.Debug|x86.ActiveCfg = Debug|Any CPU
		{9965A6E6-ED73-4DAC-A94E-07A6B21DC417}.Debug|x86.Build.0 = Debug|Any CPU
		{9965A6E6-ED73-4DAC-A94E-07A6B21DC417}.Release|Any CPU.ActiveCfg = Release|Any CPU
		{9965A6E6-ED73-4DAC-A94E-07A6B21DC417}.Release|Any CPU.Build.0 = Release|Any CPU
		{9965A6E6-ED73-4DAC-A94E-07A6B21DC417}.Release|x64.ActiveCfg = Release|Any CPU
		{9965A6E6-ED73-4DAC-A94E-07A6B21DC417}.Release|x64.Build.0 = Release|Any CPU
		{9965A6E6-ED73-4DAC-A94E-07A6B21DC417}.Release|x86.ActiveCfg = Release|Any CPU
		{9965A6E6-ED73-4DAC-A94E-07A6B21DC417}.Release|x86.Build.0 = Release|Any CPU
		{5B86D045-06B4-48AF-8283-567E98748654}.Debug|Any CPU.ActiveCfg = Debug|Any CPU
		{5B86D045-06B4-48AF-8283-567E98748654}.Debug|Any CPU.Build.0 = Debug|Any CPU
		{5B86D045-06B4-48AF-8283-567E98748654}.Debug|x64.ActiveCfg = Debug|Any CPU
		{5B86D045-06B4-48AF-8283-567E98748654}.Debug|x64.Build.0 = Debug|Any CPU
		{5B86D045-06B4-48AF-8283-567E98748654}.Debug|x86.ActiveCfg = Debug|Any CPU
		{5B86D045-06B4-48AF-8283-567E98748654}.Debug|x86.Build.0 = Debug|Any CPU
		{5B86D045-06B4-48AF-8283-567E98748654}.Release|Any CPU.ActiveCfg = Release|Any CPU
		{5B86D045-06B4-48AF-8283-567E98748654}.Release|Any CPU.Build.0 = Release|Any CPU
		{5B86D045-06B4-48AF-8283-567E98748654}.Release|x64.ActiveCfg = Release|Any CPU
		{5B86D045-06B4-48AF-8283-567E98748654}.Release|x64.Build.0 = Release|Any CPU
		{5B86D045-06B4-48AF-8283-567E98748654}.Release|x86.ActiveCfg = Release|Any CPU
		{5B86D045-06B4-48AF-8283-567E98748654}.Release|x86.Build.0 = Release|Any CPU
		{A7DE0B73-98B6-44D3-913D-501B133F0346}.Debug|Any CPU.ActiveCfg = Debug|Any CPU
		{A7DE0B73-98B6-44D3-913D-501B133F0346}.Debug|Any CPU.Build.0 = Debug|Any CPU
		{A7DE0B73-98B6-44D3-913D-501B133F0346}.Debug|x64.ActiveCfg = Debug|Any CPU
		{A7DE0B73-98B6-44D3-913D-501B133F0346}.Debug|x64.Build.0 = Debug|Any CPU
		{A7DE0B73-98B6-44D3-913D-501B133F0346}.Debug|x86.ActiveCfg = Debug|Any CPU
		{A7DE0B73-98B6-44D3-913D-501B133F0346}.Debug|x86.Build.0 = Debug|Any CPU
		{A7DE0B73-98B6-44D3-913D-501B133F0346}.Release|Any CPU.ActiveCfg = Release|Any CPU
		{A7DE0B73-98B6-44D3-913D-501B133F0346}.Release|Any CPU.Build.0 = Release|Any CPU
		{A7DE0B73-98B6-44D3-913D-501B133F0346}.Release|x64.ActiveCfg = Release|Any CPU
		{A7DE0B73-98B6-44D3-913D-501B133F0346}.Release|x64.Build.0 = Release|Any CPU
		{A7DE0B73-98B6-44D3-913D-501B133F0346}.Release|x86.ActiveCfg = Release|Any CPU
		{A7DE0B73-98B6-44D3-913D-501B133F0346}.Release|x86.Build.0 = Release|Any CPU
		{4E94480D-1873-4F17-8A8B-7C7633E7CFB1}.Debug|Any CPU.ActiveCfg = Debug|Any CPU
		{4E94480D-1873-4F17-8A8B-7C7633E7CFB1}.Debug|Any CPU.Build.0 = Debug|Any CPU
		{4E94480D-1873-4F17-8A8B-7C7633E7CFB1}.Debug|x64.ActiveCfg = Debug|Any CPU
		{4E94480D-1873-4F17-8A8B-7C7633E7CFB1}.Debug|x64.Build.0 = Debug|Any CPU
		{4E94480D-1873-4F17-8A8B-7C7633E7CFB1}.Debug|x86.ActiveCfg = Debug|Any CPU
		{4E94480D-1873-4F17-8A8B-7C7633E7CFB1}.Debug|x86.Build.0 = Debug|Any CPU
		{4E94480D-1873-4F17-8A8B-7C7633E7CFB1}.Release|Any CPU.ActiveCfg = Release|Any CPU
		{4E94480D-1873-4F17-8A8B-7C7633E7CFB1}.Release|Any CPU.Build.0 = Release|Any CPU
		{4E94480D-1873-4F17-8A8B-7C7633E7CFB1}.Release|x64.ActiveCfg = Release|Any CPU
		{4E94480D-1873-4F17-8A8B-7C7633E7CFB1}.Release|x64.Build.0 = Release|Any CPU
		{4E94480D-1873-4F17-8A8B-7C7633E7CFB1}.Release|x86.ActiveCfg = Release|Any CPU
		{4E94480D-1873-4F17-8A8B-7C7633E7CFB1}.Release|x86.Build.0 = Release|Any CPU
		{A2813018-EE0A-4EAC-923E-15BCA40C7044}.Debug|Any CPU.ActiveCfg = Debug|Any CPU
		{A2813018-EE0A-4EAC-923E-15BCA40C7044}.Debug|Any CPU.Build.0 = Debug|Any CPU
		{A2813018-EE0A-4EAC-923E-15BCA40C7044}.Debug|x64.ActiveCfg = Debug|Any CPU
		{A2813018-EE0A-4EAC-923E-15BCA40C7044}.Debug|x64.Build.0 = Debug|Any CPU
		{A2813018-EE0A-4EAC-923E-15BCA40C7044}.Debug|x86.ActiveCfg = Debug|Any CPU
		{A2813018-EE0A-4EAC-923E-15BCA40C7044}.Debug|x86.Build.0 = Debug|Any CPU
		{A2813018-EE0A-4EAC-923E-15BCA40C7044}.Release|Any CPU.ActiveCfg = Release|Any CPU
		{A2813018-EE0A-4EAC-923E-15BCA40C7044}.Release|Any CPU.Build.0 = Release|Any CPU
		{A2813018-EE0A-4EAC-923E-15BCA40C7044}.Release|x64.ActiveCfg = Release|Any CPU
		{A2813018-EE0A-4EAC-923E-15BCA40C7044}.Release|x64.Build.0 = Release|Any CPU
		{A2813018-EE0A-4EAC-923E-15BCA40C7044}.Release|x86.ActiveCfg = Release|Any CPU
		{A2813018-EE0A-4EAC-923E-15BCA40C7044}.Release|x86.Build.0 = Release|Any CPU
		{9490837F-5081-42E9-BB31-C55F9F4BD1C6}.Debug|Any CPU.ActiveCfg = Debug|Any CPU
		{9490837F-5081-42E9-BB31-C55F9F4BD1C6}.Debug|Any CPU.Build.0 = Debug|Any CPU
		{9490837F-5081-42E9-BB31-C55F9F4BD1C6}.Debug|x64.ActiveCfg = Debug|Any CPU
		{9490837F-5081-42E9-BB31-C55F9F4BD1C6}.Debug|x64.Build.0 = Debug|Any CPU
		{9490837F-5081-42E9-BB31-C55F9F4BD1C6}.Debug|x86.ActiveCfg = Debug|Any CPU
		{9490837F-5081-42E9-BB31-C55F9F4BD1C6}.Debug|x86.Build.0 = Debug|Any CPU
		{9490837F-5081-42E9-BB31-C55F9F4BD1C6}.Release|Any CPU.ActiveCfg = Release|Any CPU
		{9490837F-5081-42E9-BB31-C55F9F4BD1C6}.Release|Any CPU.Build.0 = Release|Any CPU
		{9490837F-5081-42E9-BB31-C55F9F4BD1C6}.Release|x64.ActiveCfg = Release|Any CPU
		{9490837F-5081-42E9-BB31-C55F9F4BD1C6}.Release|x64.Build.0 = Release|Any CPU
		{9490837F-5081-42E9-BB31-C55F9F4BD1C6}.Release|x86.ActiveCfg = Release|Any CPU
		{9490837F-5081-42E9-BB31-C55F9F4BD1C6}.Release|x86.Build.0 = Release|Any CPU
		{C05F2F68-EE50-4DCE-90A1-22F436D35BD3}.Debug|Any CPU.ActiveCfg = Debug|Any CPU
		{C05F2F68-EE50-4DCE-90A1-22F436D35BD3}.Debug|Any CPU.Build.0 = Debug|Any CPU
		{C05F2F68-EE50-4DCE-90A1-22F436D35BD3}.Debug|x64.ActiveCfg = Debug|Any CPU
		{C05F2F68-EE50-4DCE-90A1-22F436D35BD3}.Debug|x64.Build.0 = Debug|Any CPU
		{C05F2F68-EE50-4DCE-90A1-22F436D35BD3}.Debug|x86.ActiveCfg = Debug|Any CPU
		{C05F2F68-EE50-4DCE-90A1-22F436D35BD3}.Debug|x86.Build.0 = Debug|Any CPU
		{C05F2F68-EE50-4DCE-90A1-22F436D35BD3}.Release|Any CPU.ActiveCfg = Release|Any CPU
		{C05F2F68-EE50-4DCE-90A1-22F436D35BD3}.Release|Any CPU.Build.0 = Release|Any CPU
		{C05F2F68-EE50-4DCE-90A1-22F436D35BD3}.Release|x64.ActiveCfg = Release|Any CPU
		{C05F2F68-EE50-4DCE-90A1-22F436D35BD3}.Release|x64.Build.0 = Release|Any CPU
		{C05F2F68-EE50-4DCE-90A1-22F436D35BD3}.Release|x86.ActiveCfg = Release|Any CPU
		{C05F2F68-EE50-4DCE-90A1-22F436D35BD3}.Release|x86.Build.0 = Release|Any CPU
		{FA6A614E-3477-4E8E-B89F-653BEA450269}.Debug|Any CPU.ActiveCfg = Debug|Any CPU
		{FA6A614E-3477-4E8E-B89F-653BEA450269}.Debug|Any CPU.Build.0 = Debug|Any CPU
		{FA6A614E-3477-4E8E-B89F-653BEA450269}.Debug|x64.ActiveCfg = Debug|Any CPU
		{FA6A614E-3477-4E8E-B89F-653BEA450269}.Debug|x64.Build.0 = Debug|Any CPU
		{FA6A614E-3477-4E8E-B89F-653BEA450269}.Debug|x86.ActiveCfg = Debug|Any CPU
		{FA6A614E-3477-4E8E-B89F-653BEA450269}.Debug|x86.Build.0 = Debug|Any CPU
		{FA6A614E-3477-4E8E-B89F-653BEA450269}.Release|Any CPU.ActiveCfg = Release|Any CPU
		{FA6A614E-3477-4E8E-B89F-653BEA450269}.Release|Any CPU.Build.0 = Release|Any CPU
		{FA6A614E-3477-4E8E-B89F-653BEA450269}.Release|x64.ActiveCfg = Release|Any CPU
		{FA6A614E-3477-4E8E-B89F-653BEA450269}.Release|x64.Build.0 = Release|Any CPU
		{FA6A614E-3477-4E8E-B89F-653BEA450269}.Release|x86.ActiveCfg = Release|Any CPU
		{FA6A614E-3477-4E8E-B89F-653BEA450269}.Release|x86.Build.0 = Release|Any CPU
		{74127841-59FC-4E99-835C-CE7D6B77FECC}.Debug|Any CPU.ActiveCfg = Debug|Any CPU
		{74127841-59FC-4E99-835C-CE7D6B77FECC}.Debug|Any CPU.Build.0 = Debug|Any CPU
		{74127841-59FC-4E99-835C-CE7D6B77FECC}.Debug|x64.ActiveCfg = Debug|Any CPU
		{74127841-59FC-4E99-835C-CE7D6B77FECC}.Debug|x64.Build.0 = Debug|Any CPU
		{74127841-59FC-4E99-835C-CE7D6B77FECC}.Debug|x86.ActiveCfg = Debug|Any CPU
		{74127841-59FC-4E99-835C-CE7D6B77FECC}.Debug|x86.Build.0 = Debug|Any CPU
		{74127841-59FC-4E99-835C-CE7D6B77FECC}.Release|Any CPU.ActiveCfg = Release|Any CPU
		{74127841-59FC-4E99-835C-CE7D6B77FECC}.Release|Any CPU.Build.0 = Release|Any CPU
		{74127841-59FC-4E99-835C-CE7D6B77FECC}.Release|x64.ActiveCfg = Release|Any CPU
		{74127841-59FC-4E99-835C-CE7D6B77FECC}.Release|x64.Build.0 = Release|Any CPU
		{74127841-59FC-4E99-835C-CE7D6B77FECC}.Release|x86.ActiveCfg = Release|Any CPU
		{74127841-59FC-4E99-835C-CE7D6B77FECC}.Release|x86.Build.0 = Release|Any CPU
		{79E25244-3A7D-4FAA-9843-18D451EAD24D}.Debug|Any CPU.ActiveCfg = Debug|Any CPU
		{79E25244-3A7D-4FAA-9843-18D451EAD24D}.Debug|Any CPU.Build.0 = Debug|Any CPU
		{79E25244-3A7D-4FAA-9843-18D451EAD24D}.Debug|x64.ActiveCfg = Debug|Any CPU
		{79E25244-3A7D-4FAA-9843-18D451EAD24D}.Debug|x64.Build.0 = Debug|Any CPU
		{79E25244-3A7D-4FAA-9843-18D451EAD24D}.Debug|x86.ActiveCfg = Debug|Any CPU
		{79E25244-3A7D-4FAA-9843-18D451EAD24D}.Debug|x86.Build.0 = Debug|Any CPU
		{79E25244-3A7D-4FAA-9843-18D451EAD24D}.Release|Any CPU.ActiveCfg = Release|Any CPU
		{79E25244-3A7D-4FAA-9843-18D451EAD24D}.Release|Any CPU.Build.0 = Release|Any CPU
		{79E25244-3A7D-4FAA-9843-18D451EAD24D}.Release|x64.ActiveCfg = Release|Any CPU
		{79E25244-3A7D-4FAA-9843-18D451EAD24D}.Release|x64.Build.0 = Release|Any CPU
		{79E25244-3A7D-4FAA-9843-18D451EAD24D}.Release|x86.ActiveCfg = Release|Any CPU
		{79E25244-3A7D-4FAA-9843-18D451EAD24D}.Release|x86.Build.0 = Release|Any CPU
		{1DCB5CA3-D2AE-44C8-8075-88E9BB955781}.Debug|Any CPU.ActiveCfg = Debug|Any CPU
		{1DCB5CA3-D2AE-44C8-8075-88E9BB955781}.Debug|Any CPU.Build.0 = Debug|Any CPU
		{1DCB5CA3-D2AE-44C8-8075-88E9BB955781}.Debug|x64.ActiveCfg = Debug|Any CPU
		{1DCB5CA3-D2AE-44C8-8075-88E9BB955781}.Debug|x64.Build.0 = Debug|Any CPU
		{1DCB5CA3-D2AE-44C8-8075-88E9BB955781}.Debug|x86.ActiveCfg = Debug|Any CPU
		{1DCB5CA3-D2AE-44C8-8075-88E9BB955781}.Debug|x86.Build.0 = Debug|Any CPU
		{1DCB5CA3-D2AE-44C8-8075-88E9BB955781}.Release|Any CPU.ActiveCfg = Release|Any CPU
		{1DCB5CA3-D2AE-44C8-8075-88E9BB955781}.Release|Any CPU.Build.0 = Release|Any CPU
		{1DCB5CA3-D2AE-44C8-8075-88E9BB955781}.Release|x64.ActiveCfg = Release|Any CPU
		{1DCB5CA3-D2AE-44C8-8075-88E9BB955781}.Release|x64.Build.0 = Release|Any CPU
		{1DCB5CA3-D2AE-44C8-8075-88E9BB955781}.Release|x86.ActiveCfg = Release|Any CPU
		{1DCB5CA3-D2AE-44C8-8075-88E9BB955781}.Release|x86.Build.0 = Release|Any CPU
		{25C88CF6-432B-4C7D-8E8A-6C655691F4EF}.Debug|Any CPU.ActiveCfg = Debug|Any CPU
		{25C88CF6-432B-4C7D-8E8A-6C655691F4EF}.Debug|Any CPU.Build.0 = Debug|Any CPU
		{25C88CF6-432B-4C7D-8E8A-6C655691F4EF}.Debug|x64.ActiveCfg = Debug|Any CPU
		{25C88CF6-432B-4C7D-8E8A-6C655691F4EF}.Debug|x64.Build.0 = Debug|Any CPU
		{25C88CF6-432B-4C7D-8E8A-6C655691F4EF}.Debug|x86.ActiveCfg = Debug|Any CPU
		{25C88CF6-432B-4C7D-8E8A-6C655691F4EF}.Debug|x86.Build.0 = Debug|Any CPU
		{25C88CF6-432B-4C7D-8E8A-6C655691F4EF}.Release|Any CPU.ActiveCfg = Release|Any CPU
		{25C88CF6-432B-4C7D-8E8A-6C655691F4EF}.Release|Any CPU.Build.0 = Release|Any CPU
		{25C88CF6-432B-4C7D-8E8A-6C655691F4EF}.Release|x64.ActiveCfg = Release|Any CPU
		{25C88CF6-432B-4C7D-8E8A-6C655691F4EF}.Release|x64.Build.0 = Release|Any CPU
		{25C88CF6-432B-4C7D-8E8A-6C655691F4EF}.Release|x86.ActiveCfg = Release|Any CPU
		{25C88CF6-432B-4C7D-8E8A-6C655691F4EF}.Release|x86.Build.0 = Release|Any CPU
		{253C1C96-18CE-4483-A45B-AB3F8984C838}.Debug|Any CPU.ActiveCfg = Debug|Any CPU
		{253C1C96-18CE-4483-A45B-AB3F8984C838}.Debug|Any CPU.Build.0 = Debug|Any CPU
		{253C1C96-18CE-4483-A45B-AB3F8984C838}.Debug|x64.ActiveCfg = Debug|Any CPU
		{253C1C96-18CE-4483-A45B-AB3F8984C838}.Debug|x64.Build.0 = Debug|Any CPU
		{253C1C96-18CE-4483-A45B-AB3F8984C838}.Debug|x86.ActiveCfg = Debug|Any CPU
		{253C1C96-18CE-4483-A45B-AB3F8984C838}.Debug|x86.Build.0 = Debug|Any CPU
		{253C1C96-18CE-4483-A45B-AB3F8984C838}.Release|Any CPU.ActiveCfg = Release|Any CPU
		{253C1C96-18CE-4483-A45B-AB3F8984C838}.Release|Any CPU.Build.0 = Release|Any CPU
		{253C1C96-18CE-4483-A45B-AB3F8984C838}.Release|x64.ActiveCfg = Release|Any CPU
		{253C1C96-18CE-4483-A45B-AB3F8984C838}.Release|x64.Build.0 = Release|Any CPU
		{253C1C96-18CE-4483-A45B-AB3F8984C838}.Release|x86.ActiveCfg = Release|Any CPU
		{253C1C96-18CE-4483-A45B-AB3F8984C838}.Release|x86.Build.0 = Release|Any CPU
		{4B69C08D-CC4C-4D8B-BBF4-7CCEA98FB350}.Debug|Any CPU.ActiveCfg = Debug|Any CPU
		{4B69C08D-CC4C-4D8B-BBF4-7CCEA98FB350}.Debug|Any CPU.Build.0 = Debug|Any CPU
		{4B69C08D-CC4C-4D8B-BBF4-7CCEA98FB350}.Debug|x64.ActiveCfg = Debug|Any CPU
		{4B69C08D-CC4C-4D8B-BBF4-7CCEA98FB350}.Debug|x64.Build.0 = Debug|Any CPU
		{4B69C08D-CC4C-4D8B-BBF4-7CCEA98FB350}.Debug|x86.ActiveCfg = Debug|Any CPU
		{4B69C08D-CC4C-4D8B-BBF4-7CCEA98FB350}.Debug|x86.Build.0 = Debug|Any CPU
		{4B69C08D-CC4C-4D8B-BBF4-7CCEA98FB350}.Release|Any CPU.ActiveCfg = Release|Any CPU
		{4B69C08D-CC4C-4D8B-BBF4-7CCEA98FB350}.Release|Any CPU.Build.0 = Release|Any CPU
		{4B69C08D-CC4C-4D8B-BBF4-7CCEA98FB350}.Release|x64.ActiveCfg = Release|Any CPU
		{4B69C08D-CC4C-4D8B-BBF4-7CCEA98FB350}.Release|x64.Build.0 = Release|Any CPU
		{4B69C08D-CC4C-4D8B-BBF4-7CCEA98FB350}.Release|x86.ActiveCfg = Release|Any CPU
		{4B69C08D-CC4C-4D8B-BBF4-7CCEA98FB350}.Release|x86.Build.0 = Release|Any CPU
		{9D70439E-51D4-4C56-8D53-08303D65327B}.Debug|Any CPU.ActiveCfg = Debug|Any CPU
		{9D70439E-51D4-4C56-8D53-08303D65327B}.Debug|Any CPU.Build.0 = Debug|Any CPU
		{9D70439E-51D4-4C56-8D53-08303D65327B}.Debug|x64.ActiveCfg = Debug|Any CPU
		{9D70439E-51D4-4C56-8D53-08303D65327B}.Debug|x64.Build.0 = Debug|Any CPU
		{9D70439E-51D4-4C56-8D53-08303D65327B}.Debug|x86.ActiveCfg = Debug|Any CPU
		{9D70439E-51D4-4C56-8D53-08303D65327B}.Debug|x86.Build.0 = Debug|Any CPU
		{9D70439E-51D4-4C56-8D53-08303D65327B}.Release|Any CPU.ActiveCfg = Release|Any CPU
		{9D70439E-51D4-4C56-8D53-08303D65327B}.Release|Any CPU.Build.0 = Release|Any CPU
		{9D70439E-51D4-4C56-8D53-08303D65327B}.Release|x64.ActiveCfg = Release|Any CPU
		{9D70439E-51D4-4C56-8D53-08303D65327B}.Release|x64.Build.0 = Release|Any CPU
		{9D70439E-51D4-4C56-8D53-08303D65327B}.Release|x86.ActiveCfg = Release|Any CPU
		{9D70439E-51D4-4C56-8D53-08303D65327B}.Release|x86.Build.0 = Release|Any CPU
		{F336256B-3803-4BF0-A99F-695DD3409740}.Debug|Any CPU.ActiveCfg = Debug|Any CPU
		{F336256B-3803-4BF0-A99F-695DD3409740}.Debug|Any CPU.Build.0 = Debug|Any CPU
		{F336256B-3803-4BF0-A99F-695DD3409740}.Debug|x64.ActiveCfg = Debug|Any CPU
		{F336256B-3803-4BF0-A99F-695DD3409740}.Debug|x64.Build.0 = Debug|Any CPU
		{F336256B-3803-4BF0-A99F-695DD3409740}.Debug|x86.ActiveCfg = Debug|Any CPU
		{F336256B-3803-4BF0-A99F-695DD3409740}.Debug|x86.Build.0 = Debug|Any CPU
		{F336256B-3803-4BF0-A99F-695DD3409740}.Release|Any CPU.ActiveCfg = Release|Any CPU
		{F336256B-3803-4BF0-A99F-695DD3409740}.Release|Any CPU.Build.0 = Release|Any CPU
		{F336256B-3803-4BF0-A99F-695DD3409740}.Release|x64.ActiveCfg = Release|Any CPU
		{F336256B-3803-4BF0-A99F-695DD3409740}.Release|x64.Build.0 = Release|Any CPU
		{F336256B-3803-4BF0-A99F-695DD3409740}.Release|x86.ActiveCfg = Release|Any CPU
		{F336256B-3803-4BF0-A99F-695DD3409740}.Release|x86.Build.0 = Release|Any CPU
		{6A7181B2-E2AF-453C-993E-BC29DC786C52}.Debug|Any CPU.ActiveCfg = Debug|Any CPU
		{6A7181B2-E2AF-453C-993E-BC29DC786C52}.Debug|Any CPU.Build.0 = Debug|Any CPU
		{6A7181B2-E2AF-453C-993E-BC29DC786C52}.Debug|x64.ActiveCfg = Debug|Any CPU
		{6A7181B2-E2AF-453C-993E-BC29DC786C52}.Debug|x64.Build.0 = Debug|Any CPU
		{6A7181B2-E2AF-453C-993E-BC29DC786C52}.Debug|x86.ActiveCfg = Debug|Any CPU
		{6A7181B2-E2AF-453C-993E-BC29DC786C52}.Debug|x86.Build.0 = Debug|Any CPU
		{6A7181B2-E2AF-453C-993E-BC29DC786C52}.Release|Any CPU.ActiveCfg = Release|Any CPU
		{6A7181B2-E2AF-453C-993E-BC29DC786C52}.Release|Any CPU.Build.0 = Release|Any CPU
		{6A7181B2-E2AF-453C-993E-BC29DC786C52}.Release|x64.ActiveCfg = Release|Any CPU
		{6A7181B2-E2AF-453C-993E-BC29DC786C52}.Release|x64.Build.0 = Release|Any CPU
		{6A7181B2-E2AF-453C-993E-BC29DC786C52}.Release|x86.ActiveCfg = Release|Any CPU
		{6A7181B2-E2AF-453C-993E-BC29DC786C52}.Release|x86.Build.0 = Release|Any CPU
		{C90126FD-D000-4BD3-BB2B-CE4957D698BF}.Debug|Any CPU.ActiveCfg = Debug|Any CPU
		{C90126FD-D000-4BD3-BB2B-CE4957D698BF}.Debug|Any CPU.Build.0 = Debug|Any CPU
		{C90126FD-D000-4BD3-BB2B-CE4957D698BF}.Debug|x64.ActiveCfg = Debug|Any CPU
		{C90126FD-D000-4BD3-BB2B-CE4957D698BF}.Debug|x64.Build.0 = Debug|Any CPU
		{C90126FD-D000-4BD3-BB2B-CE4957D698BF}.Debug|x86.ActiveCfg = Debug|Any CPU
		{C90126FD-D000-4BD3-BB2B-CE4957D698BF}.Debug|x86.Build.0 = Debug|Any CPU
		{C90126FD-D000-4BD3-BB2B-CE4957D698BF}.Release|Any CPU.ActiveCfg = Release|Any CPU
		{C90126FD-D000-4BD3-BB2B-CE4957D698BF}.Release|Any CPU.Build.0 = Release|Any CPU
		{C90126FD-D000-4BD3-BB2B-CE4957D698BF}.Release|x64.ActiveCfg = Release|Any CPU
		{C90126FD-D000-4BD3-BB2B-CE4957D698BF}.Release|x64.Build.0 = Release|Any CPU
		{C90126FD-D000-4BD3-BB2B-CE4957D698BF}.Release|x86.ActiveCfg = Release|Any CPU
		{C90126FD-D000-4BD3-BB2B-CE4957D698BF}.Release|x86.Build.0 = Release|Any CPU
		{217294BC-BFED-4419-BC6C-82141EB0B2E2}.Debug|Any CPU.ActiveCfg = Debug|Any CPU
		{217294BC-BFED-4419-BC6C-82141EB0B2E2}.Debug|Any CPU.Build.0 = Debug|Any CPU
		{217294BC-BFED-4419-BC6C-82141EB0B2E2}.Debug|x64.ActiveCfg = Debug|Any CPU
		{217294BC-BFED-4419-BC6C-82141EB0B2E2}.Debug|x64.Build.0 = Debug|Any CPU
		{217294BC-BFED-4419-BC6C-82141EB0B2E2}.Debug|x86.ActiveCfg = Debug|Any CPU
		{217294BC-BFED-4419-BC6C-82141EB0B2E2}.Debug|x86.Build.0 = Debug|Any CPU
		{217294BC-BFED-4419-BC6C-82141EB0B2E2}.Release|Any CPU.ActiveCfg = Release|Any CPU
		{217294BC-BFED-4419-BC6C-82141EB0B2E2}.Release|Any CPU.Build.0 = Release|Any CPU
		{217294BC-BFED-4419-BC6C-82141EB0B2E2}.Release|x64.ActiveCfg = Release|Any CPU
		{217294BC-BFED-4419-BC6C-82141EB0B2E2}.Release|x64.Build.0 = Release|Any CPU
		{217294BC-BFED-4419-BC6C-82141EB0B2E2}.Release|x86.ActiveCfg = Release|Any CPU
		{217294BC-BFED-4419-BC6C-82141EB0B2E2}.Release|x86.Build.0 = Release|Any CPU
	EndGlobalSection
EndGlobal
