
Microsoft Visual Studio Solution File, Format Version 12.00
# Visual Studio Version 17
VisualStudioVersion = 17.5.002.0
MinimumVisualStudioVersion = 10.0.40219.1
Project("{9A19103F-16F7-4668-BE54-9A1E7A4F7556}") = "6", "6.csproj", "{88801EF7-8C4E-4266-9438-3D5A226F94B9}"
EndProject
Global
	GlobalSection(SolutionConfigurationPlatforms) = preSolution
		Debug|Any CPU = Debug|Any CPU
		Release|Any CPU = Release|Any CPU
	EndGlobalSection
	GlobalSection(ProjectConfigurationPlatforms) = postSolution
		{88801EF7-8C4E-4266-9438-3D5A226F94B9}.Debug|Any CPU.ActiveCfg = Debug|Any CPU
		{88801EF7-8C4E-4266-9438-3D5A226F94B9}.Debug|Any CPU.Build.0 = Debug|Any CPU
		{88801EF7-8C4E-4266-9438-3D5A226F94B9}.Release|Any CPU.ActiveCfg = Release|Any CPU
		{88801EF7-8C4E-4266-9438-3D5A226F94B9}.Release|Any CPU.Build.0 = Release|Any CPU
	EndGlobalSection
	GlobalSection(SolutionProperties) = preSolution
		HideSolutionNode = FALSE
	EndGlobalSection
	GlobalSection(ExtensibilityGlobals) = postSolution
		SolutionGuid = {61022ED5-E4F2-4F4B-A6A9-25358454E1AA}
	EndGlobalSection
EndGlobal
